
Microsoft Visual Studio Solution File, Format Version 12.00
# Visual Studio 14
VisualStudioVersion = 14.0.25123.0
MinimumVisualStudioVersion = 10.0.40219.1
Project("{FAE04EC0-301F-11D3-BF4B-00C04F79EFBC}") = "RedditNet", "RedditNet\RedditNet.csproj", "{01B39C4F-7FA6-4C6C-A314-BE42A188E1E7}"
EndProject
Project("{FAE04EC0-301F-11D3-BF4B-00C04F79EFBC}") = "RedditNet.Samples", "RedditNet.Samples\RedditNet.Samples.csproj", "{27524C41-3B5B-49FD-9CE1-62F3FB013BD5}"
EndProject
Project("{FAE04EC0-301F-11D3-BF4B-00C04F79EFBC}") = "RedditNet.Tests", "RedditNet.Tests\RedditNet.Tests.csproj", "{2D7F4F28-7457-4043-AD15-1C68725DD719}"
EndProject
Global
	GlobalSection(SolutionConfigurationPlatforms) = preSolution
		Debug|Any CPU = Debug|Any CPU
		Release|Any CPU = Release|Any CPU
	EndGlobalSection
	GlobalSection(ProjectConfigurationPlatforms) = postSolution
		{01B39C4F-7FA6-4C6C-A314-BE42A188E1E7}.Debug|Any CPU.ActiveCfg = Debug|Any CPU
		{01B39C4F-7FA6-4C6C-A314-BE42A188E1E7}.Debug|Any CPU.Build.0 = Debug|Any CPU
		{01B39C4F-7FA6-4C6C-A314-BE42A188E1E7}.Release|Any CPU.ActiveCfg = Release|Any CPU
		{01B39C4F-7FA6-4C6C-A314-BE42A188E1E7}.Release|Any CPU.Build.0 = Release|Any CPU
		{27524C41-3B5B-49FD-9CE1-62F3FB013BD5}.Debug|Any CPU.ActiveCfg = Debug|Any CPU
		{27524C41-3B5B-49FD-9CE1-62F3FB013BD5}.Debug|Any CPU.Build.0 = Debug|Any CPU
		{27524C41-3B5B-49FD-9CE1-62F3FB013BD5}.Release|Any CPU.ActiveCfg = Release|Any CPU
		{27524C41-3B5B-49FD-9CE1-62F3FB013BD5}.Release|Any CPU.Build.0 = Release|Any CPU
		{2D7F4F28-7457-4043-AD15-1C68725DD719}.Debug|Any CPU.ActiveCfg = Debug|Any CPU
		{2D7F4F28-7457-4043-AD15-1C68725DD719}.Debug|Any CPU.Build.0 = Debug|Any CPU
		{2D7F4F28-7457-4043-AD15-1C68725DD719}.Release|Any CPU.ActiveCfg = Release|Any CPU
		{2D7F4F28-7457-4043-AD15-1C68725DD719}.Release|Any CPU.Build.0 = Release|Any CPU
	EndGlobalSection
	GlobalSection(SolutionProperties) = preSolution
		HideSolutionNode = FALSE
	EndGlobalSection
EndGlobal
